// !$*UTF8*$!
{
	archiveVersion = 1;
	classes = {
	};
	objectVersion = 55;
	objects = {

/* Begin PBXBuildFile section */
		2224F59F289F77ED006D4B60 /* iTaxClone_SwiftUIApp.swift in Sources */ = {isa = PBXBuildFile; fileRef = 2224F59E289F77ED006D4B60 /* iTaxClone_SwiftUIApp.swift */; };
		2224F5A1289F77ED006D4B60 /* ContentView.swift in Sources */ = {isa = PBXBuildFile; fileRef = 2224F5A0289F77ED006D4B60 /* ContentView.swift */; };
		2224F5A3289F77F2006D4B60 /* Assets.xcassets in Resources */ = {isa = PBXBuildFile; fileRef = 2224F5A2289F77F2006D4B60 /* Assets.xcassets */; };
		2224F5A6289F77F2006D4B60 /* Preview Assets.xcassets in Resources */ = {isa = PBXBuildFile; fileRef = 2224F5A5289F77F2006D4B60 /* Preview Assets.xcassets */; };
		2224F5BC289F7F94006D4B60 /* AppTabBarView.swift in Sources */ = {isa = PBXBuildFile; fileRef = 2224F5BB289F7F94006D4B60 /* AppTabBarView.swift */; };
		2224F5BE289F7FF4006D4B60 /* CustomTabBarView.swift in Sources */ = {isa = PBXBuildFile; fileRef = 2224F5BD289F7FF4006D4B60 /* CustomTabBarView.swift */; };
		2224F5C0289F838C006D4B60 /* CustomTabBarContainerView.swift in Sources */ = {isa = PBXBuildFile; fileRef = 2224F5BF289F838C006D4B60 /* CustomTabBarContainerView.swift */; };
		2224F5C2289F86C3006D4B60 /* TabBarItemPreferenceKey.swift in Sources */ = {isa = PBXBuildFile; fileRef = 2224F5C1289F86C3006D4B60 /* TabBarItemPreferenceKey.swift */; };
		2224F5C4289F88DC006D4B60 /* TabBarItem.swift in Sources */ = {isa = PBXBuildFile; fileRef = 2224F5C3289F88DC006D4B60 /* TabBarItem.swift */; };
		2224F5C7289F9B35006D4B60 /* HomeView.swift in Sources */ = {isa = PBXBuildFile; fileRef = 2224F5C6289F9B35006D4B60 /* HomeView.swift */; };
		2224F5CF289FA162006D4B60 /* HomeNavBarView.swift in Sources */ = {isa = PBXBuildFile; fileRef = 2224F5CE289FA162006D4B60 /* HomeNavBarView.swift */; };
		2224F5D2289FA31D006D4B60 /* ProfileWithYearButtonView.swift in Sources */ = {isa = PBXBuildFile; fileRef = 2224F5D1289FA31D006D4B60 /* ProfileWithYearButtonView.swift */; };
		2224F5D5289FCC8F006D4B60 /* RefundTaxMoneyView.swift in Sources */ = {isa = PBXBuildFile; fileRef = 2224F5D4289FCC8F006D4B60 /* RefundTaxMoneyView.swift */; };
/* End PBXBuildFile section */

/* Begin PBXFileReference section */
		2224F59B289F77ED006D4B60 /* iTaxClone-SwiftUI.app */ = {isa = PBXFileReference; explicitFileType = wrapper.application; includeInIndex = 0; path = "iTaxClone-SwiftUI.app"; sourceTree = BUILT_PRODUCTS_DIR; };
		2224F59E289F77ED006D4B60 /* iTaxClone_SwiftUIApp.swift */ = {isa = PBXFileReference; lastKnownFileType = sourcecode.swift; path = iTaxClone_SwiftUIApp.swift; sourceTree = "<group>"; };
		2224F5A0289F77ED006D4B60 /* ContentView.swift */ = {isa = PBXFileReference; lastKnownFileType = sourcecode.swift; path = ContentView.swift; sourceTree = "<group>"; };
		2224F5A2289F77F2006D4B60 /* Assets.xcassets */ = {isa = PBXFileReference; lastKnownFileType = folder.assetcatalog; path = Assets.xcassets; sourceTree = "<group>"; };
		2224F5A5289F77F2006D4B60 /* Preview Assets.xcassets */ = {isa = PBXFileReference; lastKnownFileType = folder.assetcatalog; path = "Preview Assets.xcassets"; sourceTree = "<group>"; };
		2224F5BB289F7F94006D4B60 /* AppTabBarView.swift */ = {isa = PBXFileReference; lastKnownFileType = sourcecode.swift; path = AppTabBarView.swift; sourceTree = "<group>"; };
		2224F5BD289F7FF4006D4B60 /* CustomTabBarView.swift */ = {isa = PBXFileReference; lastKnownFileType = sourcecode.swift; path = CustomTabBarView.swift; sourceTree = "<group>"; };
		2224F5BF289F838C006D4B60 /* CustomTabBarContainerView.swift */ = {isa = PBXFileReference; lastKnownFileType = sourcecode.swift; path = CustomTabBarContainerView.swift; sourceTree = "<group>"; };
		2224F5C1289F86C3006D4B60 /* TabBarItemPreferenceKey.swift */ = {isa = PBXFileReference; lastKnownFileType = sourcecode.swift; path = TabBarItemPreferenceKey.swift; sourceTree = "<group>"; };
		2224F5C3289F88DC006D4B60 /* TabBarItem.swift */ = {isa = PBXFileReference; lastKnownFileType = sourcecode.swift; path = TabBarItem.swift; sourceTree = "<group>"; };
		2224F5C6289F9B35006D4B60 /* HomeView.swift */ = {isa = PBXFileReference; lastKnownFileType = sourcecode.swift; path = HomeView.swift; sourceTree = "<group>"; };
		2224F5CE289FA162006D4B60 /* HomeNavBarView.swift */ = {isa = PBXFileReference; lastKnownFileType = sourcecode.swift; path = HomeNavBarView.swift; sourceTree = "<group>"; };
		2224F5D1289FA31D006D4B60 /* ProfileWithYearButtonView.swift */ = {isa = PBXFileReference; lastKnownFileType = sourcecode.swift; path = ProfileWithYearButtonView.swift; sourceTree = "<group>"; };
		2224F5D4289FCC8F006D4B60 /* RefundTaxMoneyView.swift */ = {isa = PBXFileReference; lastKnownFileType = sourcecode.swift; path = RefundTaxMoneyView.swift; sourceTree = "<group>"; };
/* End PBXFileReference section */

/* Begin PBXFrameworksBuildPhase section */
		2224F598289F77ED006D4B60 /* Frameworks */ = {
			isa = PBXFrameworksBuildPhase;
			buildActionMask = 2147483647;
			files = (
			);
			runOnlyForDeploymentPostprocessing = 0;
		};
/* End PBXFrameworksBuildPhase section */

/* Begin PBXGroup section */
		2224F592289F77ED006D4B60 = {
			isa = PBXGroup;
			children = (
				2224F59D289F77ED006D4B60 /* iTaxClone-SwiftUI */,
				2224F59C289F77ED006D4B60 /* Products */,
			);
			sourceTree = "<group>";
		};
		2224F59C289F77ED006D4B60 /* Products */ = {
			isa = PBXGroup;
			children = (
				2224F59B289F77ED006D4B60 /* iTaxClone-SwiftUI.app */,
			);
			name = Products;
			sourceTree = "<group>";
		};
		2224F59D289F77ED006D4B60 /* iTaxClone-SwiftUI */ = {
			isa = PBXGroup;
			children = (
				2224F5AC289F7C2A006D4B60 /* Application */,
				2224F5AD289F7C34006D4B60 /* Domain */,
				2224F5AE289F7C3E006D4B60 /* Presentation */,
				2224F5AF289F7C49006D4B60 /* Data */,
				2224F5B0289F7C51006D4B60 /* Infrastructure */,
				2224F5B9289F7CF1006D4B60 /* Resources */,
				2224F5A4289F77F2006D4B60 /* Preview Content */,
			);
			path = "iTaxClone-SwiftUI";
			sourceTree = "<group>";
		};
		2224F5A4289F77F2006D4B60 /* Preview Content */ = {
			isa = PBXGroup;
			children = (
				2224F5A5289F77F2006D4B60 /* Preview Assets.xcassets */,
			);
			path = "Preview Content";
			sourceTree = "<group>";
		};
		2224F5AC289F7C2A006D4B60 /* Application */ = {
			isa = PBXGroup;
			children = (
				2224F59E289F77ED006D4B60 /* iTaxClone_SwiftUIApp.swift */,
			);
			path = Application;
			sourceTree = "<group>";
		};
		2224F5AD289F7C34006D4B60 /* Domain */ = {
			isa = PBXGroup;
			children = (
				2224F5B5289F7C8A006D4B60 /* Entities */,
				2224F5B6289F7C91006D4B60 /* UseCases */,
				2224F5B7289F7C9A006D4B60 /* Interfaces */,
			);
			path = Domain;
			sourceTree = "<group>";
		};
		2224F5AE289F7C3E006D4B60 /* Presentation */ = {
			isa = PBXGroup;
			children = (
				2224F5A0289F77ED006D4B60 /* ContentView.swift */,
				2224F5C8289FA116006D4B60 /* Components */,
				2224F5BA289F7E1E006D4B60 /* AppTabBarView */,
				2224F5C5289F9B22006D4B60 /* HomeView */,
			);
			path = Presentation;
			sourceTree = "<group>";
		};
		2224F5AF289F7C49006D4B60 /* Data */ = {
			isa = PBXGroup;
			children = (
				2224F5B2289F7C65006D4B60 /* Repositories */,
				2224F5B3289F7C70006D4B60 /* Network */,
				2224F5B4289F7C76006D4B60 /* PersistentStorages */,
			);
			path = Data;
			sourceTree = "<group>";
		};
		2224F5B0289F7C51006D4B60 /* Infrastructure */ = {
			isa = PBXGroup;
			children = (
				2224F5B1289F7C5E006D4B60 /* Network */,
			);
			path = Infrastructure;
			sourceTree = "<group>";
		};
		2224F5B1289F7C5E006D4B60 /* Network */ = {
			isa = PBXGroup;
			children = (
			);
			path = Network;
			sourceTree = "<group>";
		};
		2224F5B2289F7C65006D4B60 /* Repositories */ = {
			isa = PBXGroup;
			children = (
			);
			path = Repositories;
			sourceTree = "<group>";
		};
		2224F5B3289F7C70006D4B60 /* Network */ = {
			isa = PBXGroup;
			children = (
			);
			path = Network;
			sourceTree = "<group>";
		};
		2224F5B4289F7C76006D4B60 /* PersistentStorages */ = {
			isa = PBXGroup;
			children = (
			);
			path = PersistentStorages;
			sourceTree = "<group>";
		};
		2224F5B5289F7C8A006D4B60 /* Entities */ = {
			isa = PBXGroup;
			children = (
			);
			path = Entities;
			sourceTree = "<group>";
		};
		2224F5B6289F7C91006D4B60 /* UseCases */ = {
			isa = PBXGroup;
			children = (
			);
			path = UseCases;
			sourceTree = "<group>";
		};
		2224F5B7289F7C9A006D4B60 /* Interfaces */ = {
			isa = PBXGroup;
			children = (
				2224F5B8289F7CB4006D4B60 /* Repositories */,
			);
			path = Interfaces;
			sourceTree = "<group>";
		};
		2224F5B8289F7CB4006D4B60 /* Repositories */ = {
			isa = PBXGroup;
			children = (
			);
			path = Repositories;
			sourceTree = "<group>";
		};
		2224F5B9289F7CF1006D4B60 /* Resources */ = {
			isa = PBXGroup;
			children = (
				2224F5A2289F77F2006D4B60 /* Assets.xcassets */,
			);
			path = Resources;
			sourceTree = "<group>";
		};
		2224F5BA289F7E1E006D4B60 /* AppTabBarView */ = {
			isa = PBXGroup;
			children = (
				2224F5BB289F7F94006D4B60 /* AppTabBarView.swift */,
				2224F5BF289F838C006D4B60 /* CustomTabBarContainerView.swift */,
				2224F5BD289F7FF4006D4B60 /* CustomTabBarView.swift */,
				2224F5C1289F86C3006D4B60 /* TabBarItemPreferenceKey.swift */,
				2224F5C3289F88DC006D4B60 /* TabBarItem.swift */,
			);
			path = AppTabBarView;
			sourceTree = "<group>";
		};
		2224F5C5289F9B22006D4B60 /* HomeView */ = {
			isa = PBXGroup;
			children = (
				2224F5C6289F9B35006D4B60 /* HomeView.swift */,
			);
			path = HomeView;
			sourceTree = "<group>";
		};
		2224F5C8289FA116006D4B60 /* Components */ = {
			isa = PBXGroup;
			children = (
				2224F5D3289FAA00006D4B60 /* RefundTaxMoneyView */,
				2224F5D0289FA301006D4B60 /* ProfileWithYearButtonView */,
				2224F5CC289FA141006D4B60 /* HomeNavBarView */,
			);
			path = Components;
			sourceTree = "<group>";
		};
		2224F5CC289FA141006D4B60 /* HomeNavBarView */ = {
			isa = PBXGroup;
			children = (
				2224F5CE289FA162006D4B60 /* HomeNavBarView.swift */,
			);
			path = HomeNavBarView;
			sourceTree = "<group>";
		};
		2224F5D0289FA301006D4B60 /* ProfileWithYearButtonView */ = {
			isa = PBXGroup;
			children = (
				2224F5D1289FA31D006D4B60 /* ProfileWithYearButtonView.swift */,
			);
			path = ProfileWithYearButtonView;
			sourceTree = "<group>";
		};
		2224F5D3289FAA00006D4B60 /* RefundTaxMoneyView */ = {
			isa = PBXGroup;
			children = (
				2224F5D4289FCC8F006D4B60 /* RefundTaxMoneyView.swift */,
			);
			path = RefundTaxMoneyView;
			sourceTree = "<group>";
		};
/* End PBXGroup section */

/* Begin PBXNativeTarget section */
		2224F59A289F77ED006D4B60 /* iTaxClone-SwiftUI */ = {
			isa = PBXNativeTarget;
			buildConfigurationList = 2224F5A9289F77F2006D4B60 /* Build configuration list for PBXNativeTarget "iTaxClone-SwiftUI" */;
			buildPhases = (
				2224F597289F77ED006D4B60 /* Sources */,
				2224F598289F77ED006D4B60 /* Frameworks */,
				2224F599289F77ED006D4B60 /* Resources */,
			);
			buildRules = (
			);
			dependencies = (
			);
			name = "iTaxClone-SwiftUI";
			productName = "iTaxClone-SwiftUI";
			productReference = 2224F59B289F77ED006D4B60 /* iTaxClone-SwiftUI.app */;
			productType = "com.apple.product-type.application";
		};
/* End PBXNativeTarget section */

/* Begin PBXProject section */
		2224F593289F77ED006D4B60 /* Project object */ = {
			isa = PBXProject;
			attributes = {
				BuildIndependentTargetsInParallel = 1;
				LastSwiftUpdateCheck = 1340;
				LastUpgradeCheck = 1340;
				TargetAttributes = {
					2224F59A289F77ED006D4B60 = {
						CreatedOnToolsVersion = 13.4.1;
					};
				};
			};
			buildConfigurationList = 2224F596289F77ED006D4B60 /* Build configuration list for PBXProject "iTaxClone-SwiftUI" */;
			compatibilityVersion = "Xcode 13.0";
			developmentRegion = en;
			hasScannedForEncodings = 0;
			knownRegions = (
				en,
				Base,
			);
			mainGroup = 2224F592289F77ED006D4B60;
			productRefGroup = 2224F59C289F77ED006D4B60 /* Products */;
			projectDirPath = "";
			projectRoot = "";
			targets = (
				2224F59A289F77ED006D4B60 /* iTaxClone-SwiftUI */,
			);
		};
/* End PBXProject section */

/* Begin PBXResourcesBuildPhase section */
		2224F599289F77ED006D4B60 /* Resources */ = {
			isa = PBXResourcesBuildPhase;
			buildActionMask = 2147483647;
			files = (
				2224F5A6289F77F2006D4B60 /* Preview Assets.xcassets in Resources */,
				2224F5A3289F77F2006D4B60 /* Assets.xcassets in Resources */,
			);
			runOnlyForDeploymentPostprocessing = 0;
		};
/* End PBXResourcesBuildPhase section */

/* Begin PBXSourcesBuildPhase section */
		2224F597289F77ED006D4B60 /* Sources */ = {
			isa = PBXSourcesBuildPhase;
			buildActionMask = 2147483647;
			files = (
				2224F5A1289F77ED006D4B60 /* ContentView.swift in Sources */,
				2224F5CF289FA162006D4B60 /* HomeNavBarView.swift in Sources */,
				2224F59F289F77ED006D4B60 /* iTaxClone_SwiftUIApp.swift in Sources */,
				2224F5D5289FCC8F006D4B60 /* RefundTaxMoneyView.swift in Sources */,
				2224F5D2289FA31D006D4B60 /* ProfileWithYearButtonView.swift in Sources */,
				2224F5BC289F7F94006D4B60 /* AppTabBarView.swift in Sources */,
				2224F5C2289F86C3006D4B60 /* TabBarItemPreferenceKey.swift in Sources */,
				2224F5C4289F88DC006D4B60 /* TabBarItem.swift in Sources */,
				2224F5C7289F9B35006D4B60 /* HomeView.swift in Sources */,
				2224F5BE289F7FF4006D4B60 /* CustomTabBarView.swift in Sources */,
				2224F5C0289F838C006D4B60 /* CustomTabBarContainerView.swift in Sources */,
			);
			runOnlyForDeploymentPostprocessing = 0;
		};
/* End PBXSourcesBuildPhase section */

/* Begin XCBuildConfiguration section */
		2224F5A7289F77F2006D4B60 /* Debug */ = {
			isa = XCBuildConfiguration;
			buildSettings = {
				ALWAYS_SEARCH_USER_PATHS = NO;
				CLANG_ANALYZER_NONNULL = YES;
				CLANG_ANALYZER_NUMBER_OBJECT_CONVERSION = YES_AGGRESSIVE;
				CLANG_CXX_LANGUAGE_STANDARD = "gnu++17";
				CLANG_ENABLE_MODULES = YES;
				CLANG_ENABLE_OBJC_ARC = YES;
				CLANG_ENABLE_OBJC_WEAK = YES;
				CLANG_WARN_BLOCK_CAPTURE_AUTORELEASING = YES;
				CLANG_WARN_BOOL_CONVERSION = YES;
				CLANG_WARN_COMMA = YES;
				CLANG_WARN_CONSTANT_CONVERSION = YES;
				CLANG_WARN_DEPRECATED_OBJC_IMPLEMENTATIONS = YES;
				CLANG_WARN_DIRECT_OBJC_ISA_USAGE = YES_ERROR;
				CLANG_WARN_DOCUMENTATION_COMMENTS = YES;
				CLANG_WARN_EMPTY_BODY = YES;
				CLANG_WARN_ENUM_CONVERSION = YES;
				CLANG_WARN_INFINITE_RECURSION = YES;
				CLANG_WARN_INT_CONVERSION = YES;
				CLANG_WARN_NON_LITERAL_NULL_CONVERSION = YES;
				CLANG_WARN_OBJC_IMPLICIT_RETAIN_SELF = YES;
				CLANG_WARN_OBJC_LITERAL_CONVERSION = YES;
				CLANG_WARN_OBJC_ROOT_CLASS = YES_ERROR;
				CLANG_WARN_QUOTED_INCLUDE_IN_FRAMEWORK_HEADER = YES;
				CLANG_WARN_RANGE_LOOP_ANALYSIS = YES;
				CLANG_WARN_STRICT_PROTOTYPES = YES;
				CLANG_WARN_SUSPICIOUS_MOVE = YES;
				CLANG_WARN_UNGUARDED_AVAILABILITY = YES_AGGRESSIVE;
				CLANG_WARN_UNREACHABLE_CODE = YES;
				CLANG_WARN__DUPLICATE_METHOD_MATCH = YES;
				COPY_PHASE_STRIP = NO;
				DEBUG_INFORMATION_FORMAT = dwarf;
				ENABLE_STRICT_OBJC_MSGSEND = YES;
				ENABLE_TESTABILITY = YES;
				GCC_C_LANGUAGE_STANDARD = gnu11;
				GCC_DYNAMIC_NO_PIC = NO;
				GCC_NO_COMMON_BLOCKS = YES;
				GCC_OPTIMIZATION_LEVEL = 0;
				GCC_PREPROCESSOR_DEFINITIONS = (
					"DEBUG=1",
					"$(inherited)",
				);
				GCC_WARN_64_TO_32_BIT_CONVERSION = YES;
				GCC_WARN_ABOUT_RETURN_TYPE = YES_ERROR;
				GCC_WARN_UNDECLARED_SELECTOR = YES;
				GCC_WARN_UNINITIALIZED_AUTOS = YES_AGGRESSIVE;
				GCC_WARN_UNUSED_FUNCTION = YES;
				GCC_WARN_UNUSED_VARIABLE = YES;
				IPHONEOS_DEPLOYMENT_TARGET = 15.5;
				MTL_ENABLE_DEBUG_INFO = INCLUDE_SOURCE;
				MTL_FAST_MATH = YES;
				ONLY_ACTIVE_ARCH = YES;
				SDKROOT = iphoneos;
				SWIFT_ACTIVE_COMPILATION_CONDITIONS = DEBUG;
				SWIFT_OPTIMIZATION_LEVEL = "-Onone";
			};
			name = Debug;
		};
		2224F5A8289F77F2006D4B60 /* Release */ = {
			isa = XCBuildConfiguration;
			buildSettings = {
				ALWAYS_SEARCH_USER_PATHS = NO;
				CLANG_ANALYZER_NONNULL = YES;
				CLANG_ANALYZER_NUMBER_OBJECT_CONVERSION = YES_AGGRESSIVE;
				CLANG_CXX_LANGUAGE_STANDARD = "gnu++17";
				CLANG_ENABLE_MODULES = YES;
				CLANG_ENABLE_OBJC_ARC = YES;
				CLANG_ENABLE_OBJC_WEAK = YES;
				CLANG_WARN_BLOCK_CAPTURE_AUTORELEASING = YES;
				CLANG_WARN_BOOL_CONVERSION = YES;
				CLANG_WARN_COMMA = YES;
				CLANG_WARN_CONSTANT_CONVERSION = YES;
				CLANG_WARN_DEPRECATED_OBJC_IMPLEMENTATIONS = YES;
				CLANG_WARN_DIRECT_OBJC_ISA_USAGE = YES_ERROR;
				CLANG_WARN_DOCUMENTATION_COMMENTS = YES;
				CLANG_WARN_EMPTY_BODY = YES;
				CLANG_WARN_ENUM_CONVERSION = YES;
				CLANG_WARN_INFINITE_RECURSION = YES;
				CLANG_WARN_INT_CONVERSION = YES;
				CLANG_WARN_NON_LITERAL_NULL_CONVERSION = YES;
				CLANG_WARN_OBJC_IMPLICIT_RETAIN_SELF = YES;
				CLANG_WARN_OBJC_LITERAL_CONVERSION = YES;
				CLANG_WARN_OBJC_ROOT_CLASS = YES_ERROR;
				CLANG_WARN_QUOTED_INCLUDE_IN_FRAMEWORK_HEADER = YES;
				CLANG_WARN_RANGE_LOOP_ANALYSIS = YES;
				CLANG_WARN_STRICT_PROTOTYPES = YES;
				CLANG_WARN_SUSPICIOUS_MOVE = YES;
				CLANG_WARN_UNGUARDED_AVAILABILITY = YES_AGGRESSIVE;
				CLANG_WARN_UNREACHABLE_CODE = YES;
				CLANG_WARN__DUPLICATE_METHOD_MATCH = YES;
				COPY_PHASE_STRIP = NO;
				DEBUG_INFORMATION_FORMAT = "dwarf-with-dsym";
				ENABLE_NS_ASSERTIONS = NO;
				ENABLE_STRICT_OBJC_MSGSEND = YES;
				GCC_C_LANGUAGE_STANDARD = gnu11;
				GCC_NO_COMMON_BLOCKS = YES;
				GCC_WARN_64_TO_32_BIT_CONVERSION = YES;
				GCC_WARN_ABOUT_RETURN_TYPE = YES_ERROR;
				GCC_WARN_UNDECLARED_SELECTOR = YES;
				GCC_WARN_UNINITIALIZED_AUTOS = YES_AGGRESSIVE;
				GCC_WARN_UNUSED_FUNCTION = YES;
				GCC_WARN_UNUSED_VARIABLE = YES;
				IPHONEOS_DEPLOYMENT_TARGET = 15.5;
				MTL_ENABLE_DEBUG_INFO = NO;
				MTL_FAST_MATH = YES;
				SDKROOT = iphoneos;
				SWIFT_COMPILATION_MODE = wholemodule;
				SWIFT_OPTIMIZATION_LEVEL = "-O";
				VALIDATE_PRODUCT = YES;
			};
			name = Release;
		};
		2224F5AA289F77F2006D4B60 /* Debug */ = {
			isa = XCBuildConfiguration;
			buildSettings = {
				ASSETCATALOG_COMPILER_APPICON_NAME = AppIcon;
				ASSETCATALOG_COMPILER_GLOBAL_ACCENT_COLOR_NAME = AccentColor;
				CODE_SIGN_STYLE = Automatic;
				CURRENT_PROJECT_VERSION = 1;
				DEVELOPMENT_ASSET_PATHS = "\"iTaxClone-SwiftUI/Preview Content\"";
				DEVELOPMENT_TEAM = 27FY64RUCC;
				ENABLE_PREVIEWS = YES;
				GENERATE_INFOPLIST_FILE = YES;
				INFOPLIST_KEY_UIApplicationSceneManifest_Generation = YES;
				INFOPLIST_KEY_UIApplicationSupportsIndirectInputEvents = YES;
				INFOPLIST_KEY_UILaunchScreen_Generation = YES;
				INFOPLIST_KEY_UISupportedInterfaceOrientations_iPad = "UIInterfaceOrientationPortrait UIInterfaceOrientationPortraitUpsideDown UIInterfaceOrientationLandscapeLeft UIInterfaceOrientationLandscapeRight";
				INFOPLIST_KEY_UISupportedInterfaceOrientations_iPhone = "UIInterfaceOrientationPortrait UIInterfaceOrientationLandscapeLeft UIInterfaceOrientationLandscapeRight";
				LD_RUNPATH_SEARCH_PATHS = (
					"$(inherited)",
					"@executable_path/Frameworks",
				);
				MARKETING_VERSION = 1.0;
				PRODUCT_BUNDLE_IDENTIFIER = "com.sorawit.iTaxClone-SwiftUI";
				PRODUCT_NAME = "$(TARGET_NAME)";
				SWIFT_EMIT_LOC_STRINGS = YES;
				SWIFT_VERSION = 5.0;
				TARGETED_DEVICE_FAMILY = "1,2";
			};
			name = Debug;
		};
		2224F5AB289F77F2006D4B60 /* Release */ = {
			isa = XCBuildConfiguration;
			buildSettings = {
				ASSETCATALOG_COMPILER_APPICON_NAME = AppIcon;
				ASSETCATALOG_COMPILER_GLOBAL_ACCENT_COLOR_NAME = AccentColor;
				CODE_SIGN_STYLE = Automatic;
				CURRENT_PROJECT_VERSION = 1;
				DEVELOPMENT_ASSET_PATHS = "\"iTaxClone-SwiftUI/Preview Content\"";
				DEVELOPMENT_TEAM = 27FY64RUCC;
				ENABLE_PREVIEWS = YES;
				GENERATE_INFOPLIST_FILE = YES;
				INFOPLIST_KEY_UIApplicationSceneManifest_Generation = YES;
				INFOPLIST_KEY_UIApplicationSupportsIndirectInputEvents = YES;
				INFOPLIST_KEY_UILaunchScreen_Generation = YES;
				INFOPLIST_KEY_UISupportedInterfaceOrientations_iPad = "UIInterfaceOrientationPortrait UIInterfaceOrientationPortraitUpsideDown UIInterfaceOrientationLandscapeLeft UIInterfaceOrientationLandscapeRight";
				INFOPLIST_KEY_UISupportedInterfaceOrientations_iPhone = "UIInterfaceOrientationPortrait UIInterfaceOrientationLandscapeLeft UIInterfaceOrientationLandscapeRight";
				LD_RUNPATH_SEARCH_PATHS = (
					"$(inherited)",
					"@executable_path/Frameworks",
				);
				MARKETING_VERSION = 1.0;
				PRODUCT_BUNDLE_IDENTIFIER = "com.sorawit.iTaxClone-SwiftUI";
				PRODUCT_NAME = "$(TARGET_NAME)";
				SWIFT_EMIT_LOC_STRINGS = YES;
				SWIFT_VERSION = 5.0;
				TARGETED_DEVICE_FAMILY = "1,2";
			};
			name = Release;
		};
/* End XCBuildConfiguration section */

/* Begin XCConfigurationList section */
		2224F596289F77ED006D4B60 /* Build configuration list for PBXProject "iTaxClone-SwiftUI" */ = {
			isa = XCConfigurationList;
			buildConfigurations = (
				2224F5A7289F77F2006D4B60 /* Debug */,
				2224F5A8289F77F2006D4B60 /* Release */,
			);
			defaultConfigurationIsVisible = 0;
			defaultConfigurationName = Release;
		};
		2224F5A9289F77F2006D4B60 /* Build configuration list for PBXNativeTarget "iTaxClone-SwiftUI" */ = {
			isa = XCConfigurationList;
			buildConfigurations = (
				2224F5AA289F77F2006D4B60 /* Debug */,
				2224F5AB289F77F2006D4B60 /* Release */,
			);
			defaultConfigurationIsVisible = 0;
			defaultConfigurationName = Release;
		};
/* End XCConfigurationList section */
	};
	rootObject = 2224F593289F77ED006D4B60 /* Project object */;
}
